
Microsoft Visual Studio Solution File, Format Version 12.00
# Visual Studio Version 17
VisualStudioVersion = 17.2.32516.85
MinimumVisualStudioVersion = 10.0.40219.1
Project("{FAE04EC0-301F-11D3-BF4B-00C04F79EFBC}") = "tarea 7", "tarea 7.csproj", "{74072E89-5B25-447C-BBE3-B804B0293D25}"
EndProject
Global
	GlobalSection(SolutionConfigurationPlatforms) = preSolution
		Debug|Any CPU = Debug|Any CPU
		Release|Any CPU = Release|Any CPU
	EndGlobalSection
	GlobalSection(ProjectConfigurationPlatforms) = postSolution
		{74072E89-5B25-447C-BBE3-B804B0293D25}.Debug|Any CPU.ActiveCfg = Debug|Any CPU
		{74072E89-5B25-447C-BBE3-B804B0293D25}.Debug|Any CPU.Build.0 = Debug|Any CPU
		{74072E89-5B25-447C-BBE3-B804B0293D25}.Release|Any CPU.ActiveCfg = Release|Any CPU
		{74072E89-5B25-447C-BBE3-B804B0293D25}.Release|Any CPU.Build.0 = Release|Any CPU
	EndGlobalSection
	GlobalSection(SolutionProperties) = preSolution
		HideSolutionNode = FALSE
	EndGlobalSection
	GlobalSection(ExtensibilityGlobals) = postSolution
		SolutionGuid = {C0C124B7-2EE5-4E5F-B976-6D04A44B1D80}
	EndGlobalSection
EndGlobal
